
Microsoft Visual Studio Solution File, Format Version 12.00
# Visual Studio Version 17
VisualStudioVersion = 17.14.36623.8 d17.14
MinimumVisualStudioVersion = 10.0.40219.1
Project("{FAE04EC0-301F-11D3-BF4B-00C04F79EFBC}") = "Client-Management-API", "Client-Management-API\Client-Management-API.csproj", "{7F954224-552B-4310-9862-2421F0F2D317}"
EndProject
Project("{FAE04EC0-301F-11D3-BF4B-00C04F79EFBC}") = "Client-Management-Database", "Client-Management-Database\Client-Management-Database.csproj", "{ECE387E2-1B05-433C-B4E8-E0AB84B1037E}"
EndProject
Global
	GlobalSection(SolutionConfigurationPlatforms) = preSolution
		Debug|Any CPU = Debug|Any CPU
		Release|Any CPU = Release|Any CPU
	EndGlobalSection
	GlobalSection(ProjectConfigurationPlatforms) = postSolution
		{7F954224-552B-4310-9862-2421F0F2D317}.Debug|Any CPU.ActiveCfg = Debug|Any CPU
		{7F954224-552B-4310-9862-2421F0F2D317}.Debug|Any CPU.Build.0 = Debug|Any CPU
		{7F954224-552B-4310-9862-2421F0F2D317}.Release|Any CPU.ActiveCfg = Release|Any CPU
		{7F954224-552B-4310-9862-2421F0F2D317}.Release|Any CPU.Build.0 = Release|Any CPU
		{ECE387E2-1B05-433C-B4E8-E0AB84B1037E}.Debug|Any CPU.ActiveCfg = Debug|Any CPU
		{ECE387E2-1B05-433C-B4E8-E0AB84B1037E}.Debug|Any CPU.Build.0 = Debug|Any CPU
		{ECE387E2-1B05-433C-B4E8-E0AB84B1037E}.Release|Any CPU.ActiveCfg = Release|Any CPU
		{ECE387E2-1B05-433C-B4E8-E0AB84B1037E}.Release|Any CPU.Build.0 = Release|Any CPU
	EndGlobalSection
	GlobalSection(SolutionProperties) = preSolution
		HideSolutionNode = FALSE
	EndGlobalSection
	GlobalSection(ExtensibilityGlobals) = postSolution
		SolutionGuid = {A03B58B4-A0EA-4155-993D-EB8B3A7F7A52}
	EndGlobalSection
EndGlobal
